
Microsoft Visual Studio Solution File, Format Version 12.00
# Visual Studio 2012
Project("{FAE04EC0-301F-11D3-BF4B-00C04F79EFBC}") = "uniq", "uniq.csproj", "{69596E1E-E19D-4E53-8D73-2A097D0A34E1}"
EndProject
Project("{FAE04EC0-301F-11D3-BF4B-00C04F79EFBC}") = "test", "test\test.csproj", "{A887DCDE-3921-47B9-B0D0-CF6F694AACB8}"
	ProjectSection(ProjectDependencies) = postProject
		{69596E1E-E19D-4E53-8D73-2A097D0A34E1} = {69596E1E-E19D-4E53-8D73-2A097D0A34E1}
	EndProjectSection
EndProject
Global
	GlobalSection(SolutionConfigurationPlatforms) = preSolution
		Debug|Any CPU = Debug|Any CPU
		Release|Any CPU = Release|Any CPU
	EndGlobalSection
	GlobalSection(ProjectConfigurationPlatforms) = postSolution
		{69596E1E-E19D-4E53-8D73-2A097D0A34E1}.Debug|Any CPU.ActiveCfg = Debug|Any CPU
		{69596E1E-E19D-4E53-8D73-2A097D0A34E1}.Debug|Any CPU.Build.0 = Debug|Any CPU
		{69596E1E-E19D-4E53-8D73-2A097D0A34E1}.Release|Any CPU.ActiveCfg = Release|Any CPU
		{69596E1E-E19D-4E53-8D73-2A097D0A34E1}.Release|Any CPU.Build.0 = Release|Any CPU
		{A887DCDE-3921-47B9-B0D0-CF6F694AACB8}.Debug|Any CPU.ActiveCfg = Debug|Any CPU
		{A887DCDE-3921-47B9-B0D0-CF6F694AACB8}.Debug|Any CPU.Build.0 = Debug|Any CPU
		{A887DCDE-3921-47B9-B0D0-CF6F694AACB8}.Release|Any CPU.ActiveCfg = Release|Any CPU
		{A887DCDE-3921-47B9-B0D0-CF6F694AACB8}.Release|Any CPU.Build.0 = Release|Any CPU
	EndGlobalSection
	GlobalSection(SolutionProperties) = preSolution
		HideSolutionNode = FALSE
	EndGlobalSection
EndGlobal
